
Microsoft Visual Studio Solution File, Format Version 12.00
# Visual Studio Version 17
VisualStudioVersion = 17.2.32630.192
MinimumVisualStudioVersion = 10.0.40219.1
Project("{9A19103F-16F7-4668-BE54-9A1E7A4F7556}") = "Gatherly.Application", "Gatherly.Application\Gatherly.Application.csproj", "{C8291E26-9614-4A36-A927-4451429836FC}"
EndProject
Project("{9A19103F-16F7-4668-BE54-9A1E7A4F7556}") = "Gatherly.Domain", "Gatherly.Domain\Gatherly.Domain.csproj", "{514BB264-3CA5-4BFC-9B1A-40E7A3F056C9}"
EndProject
Project("{9A19103F-16F7-4668-BE54-9A1E7A4F7556}") = "Gatherly.Persistence", "Gatherly.Persistence\Gatherly.Persistence.csproj", "{5EE322DF-2CF6-420C-876F-B2A65948BD61}"
EndProject
Project("{9A19103F-16F7-4668-BE54-9A1E7A4F7556}") = "Gatherly.App", "Gatherly.App\Gatherly.App.csproj", "{65088BC7-E650-437B-A77E-FED31E202165}"
EndProject
Project("{9A19103F-16F7-4668-BE54-9A1E7A4F7556}") = "Gatherly.Infrastructure", "Gatherly.Infrastructure\Gatherly.Infrastructure.csproj", "{BA9E0A7C-DDE4-44B9-ABE4-D0AF61D7973C}"
EndProject
Project("{9A19103F-16F7-4668-BE54-9A1E7A4F7556}") = "Gatherly.Presentation", "Gatherly.Presentation\Gatherly.Presentation.csproj", "{439A1F24-7582-4B4C-AF78-EF76C4C582CC}"
EndProject
Project("{FAE04EC0-301F-11D3-BF4B-00C04F79EFBC}") = "Gatherly.Application.UnitTests", "Gatherly.Application.UnitTests\Gatherly.Application.UnitTests.csproj", "{EFF810CB-A9CF-4725-8ABB-BE80EEBD33F4}"
EndProject
Global
	GlobalSection(SolutionConfigurationPlatforms) = preSolution
		Debug|Any CPU = Debug|Any CPU
		Release|Any CPU = Release|Any CPU
	EndGlobalSection
	GlobalSection(ProjectConfigurationPlatforms) = postSolution
		{C8291E26-9614-4A36-A927-4451429836FC}.Debug|Any CPU.ActiveCfg = Debug|Any CPU
		{C8291E26-9614-4A36-A927-4451429836FC}.Debug|Any CPU.Build.0 = Debug|Any CPU
		{C8291E26-9614-4A36-A927-4451429836FC}.Release|Any CPU.ActiveCfg = Release|Any CPU
		{C8291E26-9614-4A36-A927-4451429836FC}.Release|Any CPU.Build.0 = Release|Any CPU
		{514BB264-3CA5-4BFC-9B1A-40E7A3F056C9}.Debug|Any CPU.ActiveCfg = Debug|Any CPU
		{514BB264-3CA5-4BFC-9B1A-40E7A3F056C9}.Debug|Any CPU.Build.0 = Debug|Any CPU
		{514BB264-3CA5-4BFC-9B1A-40E7A3F056C9}.Release|Any CPU.ActiveCfg = Release|Any CPU
		{514BB264-3CA5-4BFC-9B1A-40E7A3F056C9}.Release|Any CPU.Build.0 = Release|Any CPU
		{5EE322DF-2CF6-420C-876F-B2A65948BD61}.Debug|Any CPU.ActiveCfg = Debug|Any CPU
		{5EE322DF-2CF6-420C-876F-B2A65948BD61}.Debug|Any CPU.Build.0 = Debug|Any CPU
		{5EE322DF-2CF6-420C-876F-B2A65948BD61}.Release|Any CPU.ActiveCfg = Release|Any CPU
		{5EE322DF-2CF6-420C-876F-B2A65948BD61}.Release|Any CPU.Build.0 = Release|Any CPU
		{65088BC7-E650-437B-A77E-FED31E202165}.Debug|Any CPU.ActiveCfg = Debug|Any CPU
		{65088BC7-E650-437B-A77E-FED31E202165}.Debug|Any CPU.Build.0 = Debug|Any CPU
		{65088BC7-E650-437B-A77E-FED31E202165}.Release|Any CPU.ActiveCfg = Release|Any CPU
		{65088BC7-E650-437B-A77E-FED31E202165}.Release|Any CPU.Build.0 = Release|Any CPU
		{BA9E0A7C-DDE4-44B9-ABE4-D0AF61D7973C}.Debug|Any CPU.ActiveCfg = Debug|Any CPU
		{BA9E0A7C-DDE4-44B9-ABE4-D0AF61D7973C}.Debug|Any CPU.Build.0 = Debug|Any CPU
		{BA9E0A7C-DDE4-44B9-ABE4-D0AF61D7973C}.Release|Any CPU.ActiveCfg = Release|Any CPU
		{BA9E0A7C-DDE4-44B9-ABE4-D0AF61D7973C}.Release|Any CPU.Build.0 = Release|Any CPU
		{439A1F24-7582-4B4C-AF78-EF76C4C582CC}.Debug|Any CPU.ActiveCfg = Debug|Any CPU
		{439A1F24-7582-4B4C-AF78-EF76C4C582CC}.Debug|Any CPU.Build.0 = Debug|Any CPU
		{439A1F24-7582-4B4C-AF78-EF76C4C582CC}.Release|Any CPU.ActiveCfg = Release|Any CPU
		{439A1F24-7582-4B4C-AF78-EF76C4C582CC}.Release|Any CPU.Build.0 = Release|Any CPU
		{EFF810CB-A9CF-4725-8ABB-BE80EEBD33F4}.Debug|Any CPU.ActiveCfg = Debug|Any CPU
		{EFF810CB-A9CF-4725-8ABB-BE80EEBD33F4}.Debug|Any CPU.Build.0 = Debug|Any CPU
		{EFF810CB-A9CF-4725-8ABB-BE80EEBD33F4}.Release|Any CPU.ActiveCfg = Release|Any CPU
		{EFF810CB-A9CF-4725-8ABB-BE80EEBD33F4}.Release|Any CPU.Build.0 = Release|Any CPU
	EndGlobalSection
	GlobalSection(SolutionProperties) = preSolution
		HideSolutionNode = FALSE
	EndGlobalSection
	GlobalSection(ExtensibilityGlobals) = postSolution
		SolutionGuid = {AF5B6B0A-BBDB-427D-93C4-9E3773DE31CC}
	EndGlobalSection
EndGlobal
